<?xml version="1.0" encoding="utf-8"?>
<Project ToolsVersion="4.0" xmlns="http://schemas.microsoft.com/developer/msbuild/2003">
  <ItemGroup>
    <Filter Include="Source Files">
      <UniqueIdentifier>{4FC737F1-C7A5-4376-A066-2A32D752A2FF}</UniqueIdentifier>
      <Extensions>cpp;c;cc;cxx;def;odl;idl;hpj;bat;asm;asmx</Extensions>
    </Filter>
    <Filter Include="Header Files">
      <UniqueIdentifier>{93995380-89BD-4b04-88EB-625FBE52EBFB}</UniqueIdentifier>
      <Extensions>h;hh;hpp;hxx;hm;inl;inc;xsd</Extensions>
    </Filter>
    <Filter Include="Resource Files">
      <UniqueIdentifier>{67DA6AB6-F800-4c08-8B7A-83BB121AAD01}</UniqueIdentifier>
      <Extensions>rc;ico;cur;bmp;dlg;rc2;rct;bin;rgs;gif;jpg;jpeg;jpe;resx;tiff;tif;png;wav;mfcribbon-ms</Extensions>
    </Filter>
    <Filter Include="Header Files\components">
      <UniqueIdentifier>{a1a272ae-7c2f-4060-9c5c-cc824037eeb1}</UniqueIdentifier>
    </Filter>
    <Filter Include="Source Files\compnents">
      <UniqueIdentifier>{26124dda-02c9-481f-bf8a-4b8848ddccec}</UniqueIdentifier>
    </Filter>
  </ItemGroup>
  <ItemGroup>
    <ClCompile Include="transform.cpp">
      <Filter>Source Files\compnents</Filter>
    </ClCompile>
    <ClCompile Include="spaceshiplocomotion.cpp">
      <Filter>Source Files\compnents</Filter>
    </ClCompile>
    <ClCompile Include="SpaceshipController.cpp">
      <Filter>Source Files\compnents</Filter>
    </ClCompile>
    <ClCompile Include="shipRender.cpp">
      <Filter>Source Files\compnents</Filter>
    </ClCompile>
    <ClCompile Include="shapedraw.cpp">
      <Filter>Source Files\compnents</Filter>
    </ClCompile>
    <ClCompile Include="sfwdraw.cpp">
      <Filter>Source Files\compnents</Filter>
    </ClCompile>
    <ClCompile Include="rigidbody.cpp">
      <Filter>Source Files\compnents</Filter>
    </ClCompile>
    <ClCompile Include="planetaryRender.cpp">
      <Filter>Source Files\compnents</Filter>
    </ClCompile>
    <ClCompile Include="planetarymotor.cpp">
      <Filter>Source Files\compnents</Filter>
    </ClCompile>
    <ClCompile Include="collider.cpp">
      <Filter>Source Files\compnents</Filter>
    </ClCompile>
    <ClCompile Include="main.cpp">
      <Filter>Source Files</Filter>
    </ClCompile>
    <ClCompile Include="playership.cpp">
      <Filter>Source Files</Filter>
    </ClCompile>
    <ClCompile Include="camera.cpp">
      <Filter>Source Files</Filter>
    </ClCompile>
    <ClCompile Include="gamestate.cpp">
      <Filter>Source Files</Filter>
    </ClCompile>
    <ClCompile Include="Enemyship.cpp">
      <Filter>Source Files</Filter>
    </ClCompile>
    <ClCompile Include="ObjectCollision.cpp">
      <Filter>Source Files</Filter>
    </ClCompile>
    <ClCompile Include="randomfunctions.cpp">
      <Filter>Source Files</Filter>
    </ClCompile>
    <ClCompile Include="bullet.cpp">
      <Filter>Source Files</Filter>
    </ClCompile>
    <ClCompile Include="map.cpp">
      <Filter>Source Files</Filter>
    </ClCompile>
    <ClCompile Include="attackarea.cpp">
      <Filter>Source Files</Filter>
    </ClCompile>
    <ClCompile Include="spriterenderer.cpp">
      <Filter>Source Files</Filter>
    </ClCompile>
  </ItemGroup>
  <ItemGroup>
    <ClInclude Include="transform.h">
      <Filter>Header Files\components</Filter>
    </ClInclude>
    <ClInclude Include="spaceshiplocomotion.h">
      <Filter>Header Files\components</Filter>
    </ClInclude>
    <ClInclude Include="SpaceshipController.h">
      <Filter>Header Files\components</Filter>
    </ClInclude>
    <ClInclude Include="shipRender.h">
      <Filter>Header Files\components</Filter>
    </ClInclude>
    <ClInclude Include="shapedraw.h">
      <Filter>Header Files\components</Filter>
    </ClInclude>
    <ClInclude Include="rigidbody.h">
      <Filter>Header Files\components</Filter>
    </ClInclude>
    <ClInclude Include="planetaryRender.h">
      <Filter>Header Files\components</Filter>
    </ClInclude>
    <ClInclude Include="planetarymotor.h">
      <Filter>Header Files\components</Filter>
    </ClInclude>
    <ClInclude Include="collider.h">
      <Filter>Header Files\components</Filter>
    </ClInclude>
    <ClInclude Include="gamestate.h">
      <Filter>Header Files</Filter>
    </ClInclude>
    <ClInclude Include="playership.h">
      <Filter>Header Files</Filter>
    </ClInclude>
    <ClInclude Include="camera.h">
      <Filter>Header Files</Filter>
    </ClInclude>
    <ClInclude Include="Enemyship.h">
      <Filter>Header Files</Filter>
    </ClInclude>
    <ClInclude Include="ObjectCollision.h">
      <Filter>Header Files</Filter>
    </ClInclude>
    <ClInclude Include="randomfunctions.h">
      <Filter>Header Files</Filter>
    </ClInclude>
    <ClInclude Include="map.h">
      <Filter>Header Files</Filter>
    </ClInclude>
    <ClInclude Include="bullet.h">
      <Filter>Header Files</Filter>
    </ClInclude>
    <ClInclude Include="attackarea.h">
      <Filter>Header Files</Filter>
    </ClInclude>
    <ClInclude Include="spriterenderer.h">
      <Filter>Header Files\components</Filter>
    </ClInclude>
  </ItemGroup>
</Project>